// !$*UTF8*$!
{
	archiveVersion = 1;
	classes = {
	};
	objectVersion = 77;
	objects = {

/* Begin PBXContainerItemProxy section */
		1A03CE272E3E679C00486BEC /* PBXContainerItemProxy */ = {
			isa = PBXContainerItemProxy;
			containerPortal = 1A03CE112E3E679B00486BEC /* Project object */;
			proxyType = 1;
			remoteGlobalIDString = 1A03CE182E3E679B00486BEC;
			remoteInfo = ScanBudget;
		};
		1A03CE312E3E679D00486BEC /* PBXContainerItemProxy */ = {
			isa = PBXContainerItemProxy;
			containerPortal = 1A03CE112E3E679B00486BEC /* Project object */;
			proxyType = 1;
			remoteGlobalIDString = 1A03CE182E3E679B00486BEC;
			remoteInfo = ScanBudget;
		};
/* End PBXContainerItemProxy section */

/* Begin PBXFileReference section */
		1A03CE192E3E679B00486BEC /* ScanBudget.app */ = {isa = PBXFileReference; explicitFileType = wrapper.application; includeInIndex = 0; path = ScanBudget.app; sourceTree = BUILT_PRODUCTS_DIR; };
		1A03CE262E3E679C00486BEC /* ScanBudgetTests.xctest */ = {isa = PBXFileReference; explicitFileType = wrapper.cfbundle; includeInIndex = 0; path = ScanBudgetTests.xctest; sourceTree = BUILT_PRODUCTS_DIR; };
		1A03CE302E3E679D00486BEC /* ScanBudgetUITests.xctest */ = {isa = PBXFileReference; explicitFileType = wrapper.cfbundle; includeInIndex = 0; path = ScanBudgetUITests.xctest; sourceTree = BUILT_PRODUCTS_DIR; };
/* End PBXFileReference section */

/* Begin PBXFileSystemSynchronizedRootGroup section */
		1A03CE1B2E3E679B00486BEC /* ScanBudget */ = {
			isa = PBXFileSystemSynchronizedRootGroup;
			path = ScanBudget;
			sourceTree = "<group>";
		};
		1A03CE292E3E679C00486BEC /* ScanBudgetTests */ = {
			isa = PBXFileSystemSynchronizedRootGroup;
			path = ScanBudgetTests;
			sourceTree = "<group>";
		};
		1A03CE332E3E679D00486BEC /* ScanBudgetUITests */ = {
			isa = PBXFileSystemSynchronizedRootGroup;
			path = ScanBudgetUITests;
			sourceTree = "<group>";
		};
/* End PBXFileSystemSynchronizedRootGroup section */

/* Begin PBXFrameworksBuildPhase section */
		1A03CE162E3E679B00486BEC /* Frameworks */ = {
			isa = PBXFrameworksBuildPhase;
			buildActionMask = 2147483647;
			files = (
			);
			runOnlyForDeploymentPostprocessing = 0;
		};
		1A03CE232E3E679C00486BEC /* Frameworks */ = {
			isa = PBXFrameworksBuildPhase;
			buildActionMask = 2147483647;
			files = (
			);
			runOnlyForDeploymentPostprocessing = 0;
		};
		1A03CE2D2E3E679D00486BEC /* Frameworks */ = {
			isa = PBXFrameworksBuildPhase;
			buildActionMask = 2147483647;
			files = (
			);
			runOnlyForDeploymentPostprocessing = 0;
		};
/* End PBXFrameworksBuildPhase section */

/* Begin PBXGroup section */
		1A03CE102E3E679B00486BEC = {
			isa = PBXGroup;
			children = (
				1A03CE1B2E3E679B00486BEC /* ScanBudget */,
				1A03CE292E3E679C00486BEC /* ScanBudgetTests */,
				1A03CE332E3E679D00486BEC /* ScanBudgetUITests */,
				1A03CE1A2E3E679B00486BEC /* Products */,
			);
			sourceTree = "<group>";
		};
		1A03CE1A2E3E679B00486BEC /* Products */ = {
			isa = PBXGroup;
			children = (
				1A03CE192E3E679B00486BEC /* ScanBudget.app */,
				1A03CE262E3E679C00486BEC /* ScanBudgetTests.xctest */,
				1A03CE302E3E679D00486BEC /* ScanBudgetUITests.xctest */,
			);
			name = Products;
			sourceTree = "<group>";
		};
/* End PBXGroup section */

/* Begin PBXNativeTarget section */
		1A03CE182E3E679B00486BEC /* ScanBudget */ = {
			isa = PBXNativeTarget;
			buildConfigurationList = 1A03CE3A2E3E679D00486BEC /* Build configuration list for PBXNativeTarget "ScanBudget" */;
			buildPhases = (
				1A03CE152E3E679B00486BEC /* Sources */,
				1A03CE162E3E679B00486BEC /* Frameworks */,
				1A03CE172E3E679B00486BEC /* Resources */,
			);
			buildRules = (
			);
			dependencies = (
			);
			fileSystemSynchronizedGroups = (
				1A03CE1B2E3E679B00486BEC /* ScanBudget */,
			);
			name = ScanBudget;
			packageProductDependencies = (
			);
			productName = ScanBudget;
			productReference = 1A03CE192E3E679B00486BEC /* ScanBudget.app */;
			productType = "com.apple.product-type.application";
		};
		1A03CE252E3E679C00486BEC /* ScanBudgetTests */ = {
			isa = PBXNativeTarget;
			buildConfigurationList = 1A03CE3D2E3E679D00486BEC /* Build configuration list for PBXNativeTarget "ScanBudgetTests" */;
			buildPhases = (
				1A03CE222E3E679C00486BEC /* Sources */,
				1A03CE232E3E679C00486BEC /* Frameworks */,
				1A03CE242E3E679C00486BEC /* Resources */,
			);
			buildRules = (
			);
			dependencies = (
				1A03CE282E3E679C00486BEC /* PBXTargetDependency */,
			);
			fileSystemSynchronizedGroups = (
				1A03CE292E3E679C00486BEC /* ScanBudgetTests */,
			);
			name = ScanBudgetTests;
			packageProductDependencies = (
			);
			productName = ScanBudgetTests;
			productReference = 1A03CE262E3E679C00486BEC /* ScanBudgetTests.xctest */;
			productType = "com.apple.product-type.bundle.unit-test";
		};
		1A03CE2F2E3E679D00486BEC /* ScanBudgetUITests */ = {
			isa = PBXNativeTarget;
			buildConfigurationList = 1A03CE402E3E679D00486BEC /* Build configuration list for PBXNativeTarget "ScanBudgetUITests" */;
			buildPhases = (
				1A03CE2C2E3E679D00486BEC /* Sources */,
				1A03CE2D2E3E679D00486BEC /* Frameworks */,
				1A03CE2E2E3E679D00486BEC /* Resources */,
			);
			buildRules = (
			);
			dependencies = (
				1A03CE322E3E679D00486BEC /* PBXTargetDependency */,
			);
			fileSystemSynchronizedGroups = (
				1A03CE332E3E679D00486BEC /* ScanBudgetUITests */,
			);
			name = ScanBudgetUITests;
			packageProductDependencies = (
			);
			productName = ScanBudgetUITests;
			productReference = 1A03CE302E3E679D00486BEC /* ScanBudgetUITests.xctest */;
			productType = "com.apple.product-type.bundle.ui-testing";
		};
/* End PBXNativeTarget section */

/* Begin PBXProject section */
		1A03CE112E3E679B00486BEC /* Project object */ = {
			isa = PBXProject;
			attributes = {
				BuildIndependentTargetsInParallel = 1;
				LastSwiftUpdateCheck = 1640;
				LastUpgradeCheck = 1640;
				TargetAttributes = {
					1A03CE182E3E679B00486BEC = {
						CreatedOnToolsVersion = 16.4;
					};
					1A03CE252E3E679C00486BEC = {
						CreatedOnToolsVersion = 16.4;
						TestTargetID = 1A03CE182E3E679B00486BEC;
					};
					1A03CE2F2E3E679D00486BEC = {
						CreatedOnToolsVersion = 16.4;
						TestTargetID = 1A03CE182E3E679B00486BEC;
					};
				};
			};
			buildConfigurationList = 1A03CE142E3E679B00486BEC /* Build configuration list for PBXProject "ScanBudget" */;
			developmentRegion = en;
			hasScannedForEncodings = 0;
			knownRegions = (
				en,
				Base,
			);
			mainGroup = 1A03CE102E3E679B00486BEC;
			minimizedProjectReferenceProxies = 1;
			preferredProjectObjectVersion = 77;
			productRefGroup = 1A03CE1A2E3E679B00486BEC /* Products */;
			projectDirPath = "";
			projectRoot = "";
			targets = (
				1A03CE182E3E679B00486BEC /* ScanBudget */,
				1A03CE252E3E679C00486BEC /* ScanBudgetTests */,
				1A03CE2F2E3E679D00486BEC /* ScanBudgetUITests */,
			);
		};
/* End PBXProject section */

/* Begin PBXResourcesBuildPhase section */
		1A03CE172E3E679B00486BEC /* Resources */ = {
			isa = PBXResourcesBuildPhase;
			buildActionMask = 2147483647;
			files = (
			);
			runOnlyForDeploymentPostprocessing = 0;
		};
		1A03CE242E3E679C00486BEC /* Resources */ = {
			isa = PBXResourcesBuildPhase;
			buildActionMask = 2147483647;
			files = (
			);
			runOnlyForDeploymentPostprocessing = 0;
		};
		1A03CE2E2E3E679D00486BEC /* Resources */ = {
			isa = PBXResourcesBuildPhase;
			buildActionMask = 2147483647;
			files = (
			);
			runOnlyForDeploymentPostprocessing = 0;
		};
/* End PBXResourcesBuildPhase section */

/* Begin PBXSourcesBuildPhase section */
		1A03CE152E3E679B00486BEC /* Sources */ = {
			isa = PBXSourcesBuildPhase;
			buildActionMask = 2147483647;
			files = (
			);
			runOnlyForDeploymentPostprocessing = 0;
		};
		1A03CE222E3E679C00486BEC /* Sources */ = {
			isa = PBXSourcesBuildPhase;
			buildActionMask = 2147483647;
			files = (
			);
			runOnlyForDeploymentPostprocessing = 0;
		};
		1A03CE2C2E3E679D00486BEC /* Sources */ = {
			isa = PBXSourcesBuildPhase;
			buildActionMask = 2147483647;
			files = (
			);
			runOnlyForDeploymentPostprocessing = 0;
		};
/* End PBXSourcesBuildPhase section */

/* Begin PBXTargetDependency section */
		1A03CE282E3E679C00486BEC /* PBXTargetDependency */ = {
			isa = PBXTargetDependency;
			target = 1A03CE182E3E679B00486BEC /* ScanBudget */;
			targetProxy = 1A03CE272E3E679C00486BEC /* PBXContainerItemProxy */;
		};
		1A03CE322E3E679D00486BEC /* PBXTargetDependency */ = {
			isa = PBXTargetDependency;
			target = 1A03CE182E3E679B00486BEC /* ScanBudget */;
			targetProxy = 1A03CE312E3E679D00486BEC /* PBXContainerItemProxy */;
		};
/* End PBXTargetDependency section */

/* Begin XCBuildConfiguration section */
		1A03CE382E3E679D00486BEC /* Debug */ = {
			isa = XCBuildConfiguration;
			buildSettings = {
				ALWAYS_SEARCH_USER_PATHS = NO;
				ASSETCATALOG_COMPILER_GENERATE_SWIFT_ASSET_SYMBOL_EXTENSIONS = YES;
				CLANG_ANALYZER_NONNULL = YES;
				CLANG_ANALYZER_NUMBER_OBJECT_CONVERSION = YES_AGGRESSIVE;
				CLANG_CXX_LANGUAGE_STANDARD = "gnu++20";
				CLANG_ENABLE_MODULES = YES;
				CLANG_ENABLE_OBJC_ARC = YES;
				CLANG_ENABLE_OBJC_WEAK = YES;
				CLANG_WARN_BLOCK_CAPTURE_AUTORELEASING = YES;
				CLANG_WARN_BOOL_CONVERSION = YES;
				CLANG_WARN_COMMA = YES;
				CLANG_WARN_CONSTANT_CONVERSION = YES;
				CLANG_WARN_DEPRECATED_OBJC_IMPLEMENTATIONS = YES;
				CLANG_WARN_DIRECT_OBJC_ISA_USAGE = YES_ERROR;
				CLANG_WARN_DOCUMENTATION_COMMENTS = YES;
				CLANG_WARN_EMPTY_BODY = YES;
				CLANG_WARN_ENUM_CONVERSION = YES;
				CLANG_WARN_INFINITE_RECURSION = YES;
				CLANG_WARN_INT_CONVERSION = YES;
				CLANG_WARN_NON_LITERAL_NULL_CONVERSION = YES;
				CLANG_WARN_OBJC_IMPLICIT_RETAIN_SELF = YES;
				CLANG_WARN_OBJC_LITERAL_CONVERSION = YES;
				CLANG_WARN_OBJC_ROOT_CLASS = YES_ERROR;
				CLANG_WARN_QUOTED_INCLUDE_IN_FRAMEWORK_HEADER = YES;
				CLANG_WARN_RANGE_LOOP_ANALYSIS = YES;
				CLANG_WARN_STRICT_PROTOTYPES = YES;
				CLANG_WARN_SUSPICIOUS_MOVE = YES;
				CLANG_WARN_UNGUARDED_AVAILABILITY = YES_AGGRESSIVE;
				CLANG_WARN_UNREACHABLE_CODE = YES;
				CLANG_WARN__DUPLICATE_METHOD_MATCH = YES;
				COPY_PHASE_STRIP = NO;
				DEBUG_INFORMATION_FORMAT = dwarf;
				DEVELOPMENT_TEAM = FDPZBF88ZR;
				ENABLE_STRICT_OBJC_MSGSEND = YES;
				ENABLE_TESTABILITY = YES;
				ENABLE_USER_SCRIPT_SANDBOXING = YES;
				GCC_C_LANGUAGE_STANDARD = gnu17;
				GCC_DYNAMIC_NO_PIC = NO;
				GCC_NO_COMMON_BLOCKS = YES;
				GCC_OPTIMIZATION_LEVEL = 0;
				GCC_PREPROCESSOR_DEFINITIONS = (
					"DEBUG=1",
					"$(inherited)",
				);
				GCC_WARN_64_TO_32_BIT_CONVERSION = YES;
				GCC_WARN_ABOUT_RETURN_TYPE = YES_ERROR;
				GCC_WARN_UNDECLARED_SELECTOR = YES;
				GCC_WARN_UNINITIALIZED_AUTOS = YES_AGGRESSIVE;
				GCC_WARN_UNUSED_FUNCTION = YES;
				GCC_WARN_UNUSED_VARIABLE = YES;
				IPHONEOS_DEPLOYMENT_TARGET = 18.5;
				LOCALIZATION_PREFERS_STRING_CATALOGS = YES;
				MTL_ENABLE_DEBUG_INFO = INCLUDE_SOURCE;
				MTL_FAST_MATH = YES;
				ONLY_ACTIVE_ARCH = YES;
				SDKROOT = iphoneos;
				SWIFT_ACTIVE_COMPILATION_CONDITIONS = "DEBUG $(inherited)";
				SWIFT_OPTIMIZATION_LEVEL = "-Onone";
			};
			name = Debug;
		};
		1A03CE392E3E679D00486BEC /* Release */ = {
			isa = XCBuildConfiguration;
			buildSettings = {
				ALWAYS_SEARCH_USER_PATHS = NO;
				ASSETCATALOG_COMPILER_GENERATE_SWIFT_ASSET_SYMBOL_EXTENSIONS = YES;
				CLANG_ANALYZER_NONNULL = YES;
				CLANG_ANALYZER_NUMBER_OBJECT_CONVERSION = YES_AGGRESSIVE;
				CLANG_CXX_LANGUAGE_STANDARD = "gnu++20";
				CLANG_ENABLE_MODULES = YES;
				CLANG_ENABLE_OBJC_ARC = YES;
				CLANG_ENABLE_OBJC_WEAK = YES;
				CLANG_WARN_BLOCK_CAPTURE_AUTORELEASING = YES;
				CLANG_WARN_BOOL_CONVERSION = YES;
				CLANG_WARN_COMMA = YES;
				CLANG_WARN_CONSTANT_CONVERSION = YES;
				CLANG_WARN_DEPRECATED_OBJC_IMPLEMENTATIONS = YES;
				CLANG_WARN_DIRECT_OBJC_ISA_USAGE = YES_ERROR;
				CLANG_WARN_DOCUMENTATION_COMMENTS = YES;
				CLANG_WARN_EMPTY_BODY = YES;
				CLANG_WARN_ENUM_CONVERSION = YES;
				CLANG_WARN_INFINITE_RECURSION = YES;
				CLANG_WARN_INT_CONVERSION = YES;
				CLANG_WARN_NON_LITERAL_NULL_CONVERSION = YES;
				CLANG_WARN_OBJC_IMPLICIT_RETAIN_SELF = YES;
				CLANG_WARN_OBJC_LITERAL_CONVERSION = YES;
				CLANG_WARN_OBJC_ROOT_CLASS = YES_ERROR;
				CLANG_WARN_QUOTED_INCLUDE_IN_FRAMEWORK_HEADER = YES;
				CLANG_WARN_RANGE_LOOP_ANALYSIS = YES;
				CLANG_WARN_STRICT_PROTOTYPES = YES;
				CLANG_WARN_SUSPICIOUS_MOVE = YES;
				CLANG_WARN_UNGUARDED_AVAILABILITY = YES_AGGRESSIVE;
				CLANG_WARN_UNREACHABLE_CODE = YES;
				CLANG_WARN__DUPLICATE_METHOD_MATCH = YES;
				COPY_PHASE_STRIP = NO;
				DEBUG_INFORMATION_FORMAT = "dwarf-with-dsym";
				DEVELOPMENT_TEAM = FDPZBF88ZR;
				ENABLE_NS_ASSERTIONS = NO;
				ENABLE_STRICT_OBJC_MSGSEND = YES;
				ENABLE_USER_SCRIPT_SANDBOXING = YES;
				GCC_C_LANGUAGE_STANDARD = gnu17;
				GCC_NO_COMMON_BLOCKS = YES;
				GCC_WARN_64_TO_32_BIT_CONVERSION = YES;
				GCC_WARN_ABOUT_RETURN_TYPE = YES_ERROR;
				GCC_WARN_UNDECLARED_SELECTOR = YES;
				GCC_WARN_UNINITIALIZED_AUTOS = YES_AGGRESSIVE;
				GCC_WARN_UNUSED_FUNCTION = YES;
				GCC_WARN_UNUSED_VARIABLE = YES;
				IPHONEOS_DEPLOYMENT_TARGET = 18.5;
				LOCALIZATION_PREFERS_STRING_CATALOGS = YES;
				MTL_ENABLE_DEBUG_INFO = NO;
				MTL_FAST_MATH = YES;
				SDKROOT = iphoneos;
				SWIFT_COMPILATION_MODE = wholemodule;
				VALIDATE_PRODUCT = YES;
			};
			name = Release;
		};
		1A03CE3B2E3E679D00486BEC /* Debug */ = {
			isa = XCBuildConfiguration;
			buildSettings = {
				ASSETCATALOG_COMPILER_APPICON_NAME = AppIcon;
				ASSETCATALOG_COMPILER_GLOBAL_ACCENT_COLOR_NAME = AccentColor;
				CODE_SIGN_STYLE = Automatic;
				CURRENT_PROJECT_VERSION = 1;
				DEVELOPMENT_TEAM = FDPZBF88ZR;
				ENABLE_PREVIEWS = YES;
				GENERATE_INFOPLIST_FILE = YES;
				INFOPLIST_KEY_UIApplicationSceneManifest_Generation = YES;
				INFOPLIST_KEY_UIApplicationSupportsIndirectInputEvents = YES;
				INFOPLIST_KEY_UILaunchScreen_Generation = YES;
				INFOPLIST_KEY_UISupportedInterfaceOrientations_iPad = "UIInterfaceOrientationPortrait UIInterfaceOrientationPortraitUpsideDown UIInterfaceOrientationLandscapeLeft UIInterfaceOrientationLandscapeRight";
				INFOPLIST_KEY_UISupportedInterfaceOrientations_iPhone = "UIInterfaceOrientationPortrait UIInterfaceOrientationLandscapeLeft UIInterfaceOrientationLandscapeRight";
				LD_RUNPATH_SEARCH_PATHS = (
					"$(inherited)",
					"@executable_path/Frameworks",
				);
				MARKETING_VERSION = 1.0;
				PRODUCT_BUNDLE_IDENTIFIER = EGbd.ScanBudget;
				PRODUCT_NAME = "$(TARGET_NAME)";
				SWIFT_EMIT_LOC_STRINGS = YES;
				SWIFT_VERSION = 5.0;
				TARGETED_DEVICE_FAMILY = "1,2";
			};
			name = Debug;
		};
		1A03CE3C2E3E679D00486BEC /* Release */ = {
			isa = XCBuildConfiguration;
			buildSettings = {
				ASSETCATALOG_COMPILER_APPICON_NAME = AppIcon;
				ASSETCATALOG_COMPILER_GLOBAL_ACCENT_COLOR_NAME = AccentColor;
				CODE_SIGN_STYLE = Automatic;
				CURRENT_PROJECT_VERSION = 1;
				DEVELOPMENT_TEAM = FDPZBF88ZR;
				ENABLE_PREVIEWS = YES;
				GENERATE_INFOPLIST_FILE = YES;
				INFOPLIST_KEY_UIApplicationSceneManifest_Generation = YES;
				INFOPLIST_KEY_UIApplicationSupportsIndirectInputEvents = YES;
				INFOPLIST_KEY_UILaunchScreen_Generation = YES;
				INFOPLIST_KEY_UISupportedInterfaceOrientations_iPad = "UIInterfaceOrientationPortrait UIInterfaceOrientationPortraitUpsideDown UIInterfaceOrientationLandscapeLeft UIInterfaceOrientationLandscapeRight";
				INFOPLIST_KEY_UISupportedInterfaceOrientations_iPhone = "UIInterfaceOrientationPortrait UIInterfaceOrientationLandscapeLeft UIInterfaceOrientationLandscapeRight";
				LD_RUNPATH_SEARCH_PATHS = (
					"$(inherited)",
					"@executable_path/Frameworks",
				);
				MARKETING_VERSION = 1.0;
				PRODUCT_BUNDLE_IDENTIFIER = EGbd.ScanBudget;
				PRODUCT_NAME = "$(TARGET_NAME)";
				SWIFT_EMIT_LOC_STRINGS = YES;
				SWIFT_VERSION = 5.0;
				TARGETED_DEVICE_FAMILY = "1,2";
			};
			name = Release;
		};
		1A03CE3E2E3E679D00486BEC /* Debug */ = {
			isa = XCBuildConfiguration;
			buildSettings = {
				BUNDLE_LOADER = "$(TEST_HOST)";
				CODE_SIGN_STYLE = Automatic;
				CURRENT_PROJECT_VERSION = 1;
				DEVELOPMENT_TEAM = FDPZBF88ZR;
				GENERATE_INFOPLIST_FILE = YES;
				IPHONEOS_DEPLOYMENT_TARGET = 18.5;
				MARKETING_VERSION = 1.0;
				PRODUCT_BUNDLE_IDENTIFIER = EGbd.ScanBudgetTests;
				PRODUCT_NAME = "$(TARGET_NAME)";
				SWIFT_EMIT_LOC_STRINGS = NO;
				SWIFT_VERSION = 5.0;
				TARGETED_DEVICE_FAMILY = "1,2";
				TEST_HOST = "$(BUILT_PRODUCTS_DIR)/ScanBudget.app/$(BUNDLE_EXECUTABLE_FOLDER_PATH)/ScanBudget";
			};
			name = Debug;
		};
		1A03CE3F2E3E679D00486BEC /* Release */ = {
			isa = XCBuildConfiguration;
			buildSettings = {
				BUNDLE_LOADER = "$(TEST_HOST)";
				CODE_SIGN_STYLE = Automatic;
				CURRENT_PROJECT_VERSION = 1;
				DEVELOPMENT_TEAM = FDPZBF88ZR;
				GENERATE_INFOPLIST_FILE = YES;
				IPHONEOS_DEPLOYMENT_TARGET = 18.5;
				MARKETING_VERSION = 1.0;
				PRODUCT_BUNDLE_IDENTIFIER = EGbd.ScanBudgetTests;
				PRODUCT_NAME = "$(TARGET_NAME)";
				SWIFT_EMIT_LOC_STRINGS = NO;
				SWIFT_VERSION = 5.0;
				TARGETED_DEVICE_FAMILY = "1,2";
				TEST_HOST = "$(BUILT_PRODUCTS_DIR)/ScanBudget.app/$(BUNDLE_EXECUTABLE_FOLDER_PATH)/ScanBudget";
			};
			name = Release;
		};
		1A03CE412E3E679D00486BEC /* Debug */ = {
			isa = XCBuildConfiguration;
			buildSettings = {
				CODE_SIGN_STYLE = Automatic;
				CURRENT_PROJECT_VERSION = 1;
				DEVELOPMENT_TEAM = FDPZBF88ZR;
				GENERATE_INFOPLIST_FILE = YES;
				MARKETING_VERSION = 1.0;
				PRODUCT_BUNDLE_IDENTIFIER = EGbd.ScanBudgetUITests;
				PRODUCT_NAME = "$(TARGET_NAME)";
				SWIFT_EMIT_LOC_STRINGS = NO;
				SWIFT_VERSION = 5.0;
				TARGETED_DEVICE_FAMILY = "1,2";
				TEST_TARGET_NAME = ScanBudget;
			};
			name = Debug;
		};
		1A03CE422E3E679D00486BEC /* Release */ = {
			isa = XCBuildConfiguration;
			buildSettings = {
				CODE_SIGN_STYLE = Automatic;
				CURRENT_PROJECT_VERSION = 1;
				DEVELOPMENT_TEAM = FDPZBF88ZR;
				GENERATE_INFOPLIST_FILE = YES;
				MARKETING_VERSION = 1.0;
				PRODUCT_BUNDLE_IDENTIFIER = EGbd.ScanBudgetUITests;
				PRODUCT_NAME = "$(TARGET_NAME)";
				SWIFT_EMIT_LOC_STRINGS = NO;
				SWIFT_VERSION = 5.0;
				TARGETED_DEVICE_FAMILY = "1,2";
				TEST_TARGET_NAME = ScanBudget;
			};
			name = Release;
		};
/* End XCBuildConfiguration section */

/* Begin XCConfigurationList section */
		1A03CE142E3E679B00486BEC /* Build configuration list for PBXProject "ScanBudget" */ = {
			isa = XCConfigurationList;
			buildConfigurations = (
				1A03CE382E3E679D00486BEC /* Debug */,
				1A03CE392E3E679D00486BEC /* Release */,
			);
			defaultConfigurationIsVisible = 0;
			defaultConfigurationName = Release;
		};
		1A03CE3A2E3E679D00486BEC /* Build configuration list for PBXNativeTarget "ScanBudget" */ = {
			isa = XCConfigurationList;
			buildConfigurations = (
				1A03CE3B2E3E679D00486BEC /* Debug */,
				1A03CE3C2E3E679D00486BEC /* Release */,
			);
			defaultConfigurationIsVisible = 0;
			defaultConfigurationName = Release;
		};
		1A03CE3D2E3E679D00486BEC /* Build configuration list for PBXNativeTarget "ScanBudgetTests" */ = {
			isa = XCConfigurationList;
			buildConfigurations = (
				1A03CE3E2E3E679D00486BEC /* Debug */,
				1A03CE3F2E3E679D00486BEC /* Release */,
			);
			defaultConfigurationIsVisible = 0;
			defaultConfigurationName = Release;
		};
		1A03CE402E3E679D00486BEC /* Build configuration list for PBXNativeTarget "ScanBudgetUITests" */ = {
			isa = XCConfigurationList;
			buildConfigurations = (
				1A03CE412E3E679D00486BEC /* Debug */,
				1A03CE422E3E679D00486BEC /* Release */,
			);
			defaultConfigurationIsVisible = 0;
			defaultConfigurationName = Release;
		};
/* End XCConfigurationList section */
	};
	rootObject = 1A03CE112E3E679B00486BEC /* Project object */;
}
